
Microsoft Visual Studio Solution File, Format Version 12.00
# Visual Studio Version 16
VisualStudioVersion = 16.0.31410.357
MinimumVisualStudioVersion = 10.0.40219.1
Project("{9A19103F-16F7-4668-BE54-9A1E7A4F7556}") = "Projekt1", "Projekt1.csproj", "{E1D2F405-F489-4847-B84A-B1CDB2C87898}"
EndProject
Project("{FAE04EC0-301F-11D3-BF4B-00C04F79EFBC}") = "Projekt2FuckUWP2", "..\Projekt2FuckUWP2\Projekt2FuckUWP2.csproj", "{FC783090-8380-4E78-9E9A-990AF4CB4CAB}"
EndProject
Project("{FAE04EC0-301F-11D3-BF4B-00C04F79EFBC}") = "Projekt2FuckAll", "..\Projekt2FuckAll\Projekt2FuckAll.csproj", "{E051BC89-7BE2-4209-9ADE-CE7347FB8EDA}"
EndProject
Global
	GlobalSection(SolutionConfigurationPlatforms) = preSolution
		Debug|Any CPU = Debug|Any CPU
		Debug|ARM = Debug|ARM
		Debug|ARM64 = Debug|ARM64
		Debug|x64 = Debug|x64
		Debug|x86 = Debug|x86
		Release|Any CPU = Release|Any CPU
		Release|ARM = Release|ARM
		Release|ARM64 = Release|ARM64
		Release|x64 = Release|x64
		Release|x86 = Release|x86
	EndGlobalSection
	GlobalSection(ProjectConfigurationPlatforms) = postSolution
		{E1D2F405-F489-4847-B84A-B1CDB2C87898}.Debug|Any CPU.ActiveCfg = Debug|Any CPU
		{E1D2F405-F489-4847-B84A-B1CDB2C87898}.Debug|Any CPU.Build.0 = Debug|Any CPU
		{E1D2F405-F489-4847-B84A-B1CDB2C87898}.Debug|ARM.ActiveCfg = Debug|Any CPU
		{E1D2F405-F489-4847-B84A-B1CDB2C87898}.Debug|ARM.Build.0 = Debug|Any CPU
		{E1D2F405-F489-4847-B84A-B1CDB2C87898}.Debug|ARM64.ActiveCfg = Debug|Any CPU
		{E1D2F405-F489-4847-B84A-B1CDB2C87898}.Debug|ARM64.Build.0 = Debug|Any CPU
		{E1D2F405-F489-4847-B84A-B1CDB2C87898}.Debug|x64.ActiveCfg = Debug|Any CPU
		{E1D2F405-F489-4847-B84A-B1CDB2C87898}.Debug|x64.Build.0 = Debug|Any CPU
		{E1D2F405-F489-4847-B84A-B1CDB2C87898}.Debug|x86.ActiveCfg = Debug|Any CPU
		{E1D2F405-F489-4847-B84A-B1CDB2C87898}.Debug|x86.Build.0 = Debug|Any CPU
		{E1D2F405-F489-4847-B84A-B1CDB2C87898}.Release|Any CPU.ActiveCfg = Release|Any CPU
		{E1D2F405-F489-4847-B84A-B1CDB2C87898}.Release|Any CPU.Build.0 = Release|Any CPU
		{E1D2F405-F489-4847-B84A-B1CDB2C87898}.Release|ARM.ActiveCfg = Release|Any CPU
		{E1D2F405-F489-4847-B84A-B1CDB2C87898}.Release|ARM.Build.0 = Release|Any CPU
		{E1D2F405-F489-4847-B84A-B1CDB2C87898}.Release|ARM64.ActiveCfg = Release|Any CPU
		{E1D2F405-F489-4847-B84A-B1CDB2C87898}.Release|ARM64.Build.0 = Release|Any CPU
		{E1D2F405-F489-4847-B84A-B1CDB2C87898}.Release|x64.ActiveCfg = Release|Any CPU
		{E1D2F405-F489-4847-B84A-B1CDB2C87898}.Release|x64.Build.0 = Release|Any CPU
		{E1D2F405-F489-4847-B84A-B1CDB2C87898}.Release|x86.ActiveCfg = Release|Any CPU
		{E1D2F405-F489-4847-B84A-B1CDB2C87898}.Release|x86.Build.0 = Release|Any CPU
		{FC783090-8380-4E78-9E9A-990AF4CB4CAB}.Debug|Any CPU.ActiveCfg = Debug|x86
		{FC783090-8380-4E78-9E9A-990AF4CB4CAB}.Debug|ARM.ActiveCfg = Debug|ARM
		{FC783090-8380-4E78-9E9A-990AF4CB4CAB}.Debug|ARM.Build.0 = Debug|ARM
		{FC783090-8380-4E78-9E9A-990AF4CB4CAB}.Debug|ARM.Deploy.0 = Debug|ARM
		{FC783090-8380-4E78-9E9A-990AF4CB4CAB}.Debug|ARM64.ActiveCfg = Debug|ARM64
		{FC783090-8380-4E78-9E9A-990AF4CB4CAB}.Debug|ARM64.Build.0 = Debug|ARM64
		{FC783090-8380-4E78-9E9A-990AF4CB4CAB}.Debug|ARM64.Deploy.0 = Debug|ARM64
		{FC783090-8380-4E78-9E9A-990AF4CB4CAB}.Debug|x64.ActiveCfg = Debug|x64
		{FC783090-8380-4E78-9E9A-990AF4CB4CAB}.Debug|x64.Build.0 = Debug|x64
		{FC783090-8380-4E78-9E9A-990AF4CB4CAB}.Debug|x64.Deploy.0 = Debug|x64
		{FC783090-8380-4E78-9E9A-990AF4CB4CAB}.Debug|x86.ActiveCfg = Debug|x86
		{FC783090-8380-4E78-9E9A-990AF4CB4CAB}.Debug|x86.Build.0 = Debug|x86
		{FC783090-8380-4E78-9E9A-990AF4CB4CAB}.Debug|x86.Deploy.0 = Debug|x86
		{FC783090-8380-4E78-9E9A-990AF4CB4CAB}.Release|Any CPU.ActiveCfg = Release|x86
		{FC783090-8380-4E78-9E9A-990AF4CB4CAB}.Release|ARM.ActiveCfg = Release|ARM
		{FC783090-8380-4E78-9E9A-990AF4CB4CAB}.Release|ARM.Build.0 = Release|ARM
		{FC783090-8380-4E78-9E9A-990AF4CB4CAB}.Release|ARM.Deploy.0 = Release|ARM
		{FC783090-8380-4E78-9E9A-990AF4CB4CAB}.Release|ARM64.ActiveCfg = Release|ARM64
		{FC783090-8380-4E78-9E9A-990AF4CB4CAB}.Release|ARM64.Build.0 = Release|ARM64
		{FC783090-8380-4E78-9E9A-990AF4CB4CAB}.Release|ARM64.Deploy.0 = Release|ARM64
		{FC783090-8380-4E78-9E9A-990AF4CB4CAB}.Release|x64.ActiveCfg = Release|x64
		{FC783090-8380-4E78-9E9A-990AF4CB4CAB}.Release|x64.Build.0 = Release|x64
		{FC783090-8380-4E78-9E9A-990AF4CB4CAB}.Release|x64.Deploy.0 = Release|x64
		{FC783090-8380-4E78-9E9A-990AF4CB4CAB}.Release|x86.ActiveCfg = Release|x86
		{FC783090-8380-4E78-9E9A-990AF4CB4CAB}.Release|x86.Build.0 = Release|x86
		{FC783090-8380-4E78-9E9A-990AF4CB4CAB}.Release|x86.Deploy.0 = Release|x86
		{E051BC89-7BE2-4209-9ADE-CE7347FB8EDA}.Debug|Any CPU.ActiveCfg = Debug|Any CPU
		{E051BC89-7BE2-4209-9ADE-CE7347FB8EDA}.Debug|Any CPU.Build.0 = Debug|Any CPU
		{E051BC89-7BE2-4209-9ADE-CE7347FB8EDA}.Debug|ARM.ActiveCfg = Debug|Any CPU
		{E051BC89-7BE2-4209-9ADE-CE7347FB8EDA}.Debug|ARM.Build.0 = Debug|Any CPU
		{E051BC89-7BE2-4209-9ADE-CE7347FB8EDA}.Debug|ARM64.ActiveCfg = Debug|Any CPU
		{E051BC89-7BE2-4209-9ADE-CE7347FB8EDA}.Debug|ARM64.Build.0 = Debug|Any CPU
		{E051BC89-7BE2-4209-9ADE-CE7347FB8EDA}.Debug|x64.ActiveCfg = Debug|Any CPU
		{E051BC89-7BE2-4209-9ADE-CE7347FB8EDA}.Debug|x64.Build.0 = Debug|Any CPU
		{E051BC89-7BE2-4209-9ADE-CE7347FB8EDA}.Debug|x86.ActiveCfg = Debug|Any CPU
		{E051BC89-7BE2-4209-9ADE-CE7347FB8EDA}.Debug|x86.Build.0 = Debug|Any CPU
		{E051BC89-7BE2-4209-9ADE-CE7347FB8EDA}.Release|Any CPU.ActiveCfg = Release|Any CPU
		{E051BC89-7BE2-4209-9ADE-CE7347FB8EDA}.Release|Any CPU.Build.0 = Release|Any CPU
		{E051BC89-7BE2-4209-9ADE-CE7347FB8EDA}.Release|ARM.ActiveCfg = Release|Any CPU
		{E051BC89-7BE2-4209-9ADE-CE7347FB8EDA}.Release|ARM.Build.0 = Release|Any CPU
		{E051BC89-7BE2-4209-9ADE-CE7347FB8EDA}.Release|ARM64.ActiveCfg = Release|Any CPU
		{E051BC89-7BE2-4209-9ADE-CE7347FB8EDA}.Release|ARM64.Build.0 = Release|Any CPU
		{E051BC89-7BE2-4209-9ADE-CE7347FB8EDA}.Release|x64.ActiveCfg = Release|Any CPU
		{E051BC89-7BE2-4209-9ADE-CE7347FB8EDA}.Release|x64.Build.0 = Release|Any CPU
		{E051BC89-7BE2-4209-9ADE-CE7347FB8EDA}.Release|x86.ActiveCfg = Release|Any CPU
		{E051BC89-7BE2-4209-9ADE-CE7347FB8EDA}.Release|x86.Build.0 = Release|Any CPU
	EndGlobalSection
	GlobalSection(SolutionProperties) = preSolution
		HideSolutionNode = FALSE
	EndGlobalSection
	GlobalSection(ExtensibilityGlobals) = postSolution
		SolutionGuid = {79862A42-AD85-4273-B026-845035809B7B}
	EndGlobalSection
EndGlobal
